
Microsoft Visual Studio Solution File, Format Version 12.00
# Visual Studio Version 17
VisualStudioVersion = 17.2.32616.157
MinimumVisualStudioVersion = 10.0.40219.1
Project("{FAE04EC0-301F-11D3-BF4B-00C04F79EFBC}") = "TankGame", "TankGame\TankGame.csproj", "{B0FC60E4-5691-4A56-BE1C-D952C11E58AA}"
EndProject
Global
	GlobalSection(SolutionConfigurationPlatforms) = preSolution
		Debug|Any CPU = Debug|Any CPU
		Release|Any CPU = Release|Any CPU
	EndGlobalSection
	GlobalSection(ProjectConfigurationPlatforms) = postSolution
		{B0FC60E4-5691-4A56-BE1C-D952C11E58AA}.Debug|Any CPU.ActiveCfg = Debug|Any CPU
		{B0FC60E4-5691-4A56-BE1C-D952C11E58AA}.Debug|Any CPU.Build.0 = Debug|Any CPU
		{B0FC60E4-5691-4A56-BE1C-D952C11E58AA}.Release|Any CPU.ActiveCfg = Release|Any CPU
		{B0FC60E4-5691-4A56-BE1C-D952C11E58AA}.Release|Any CPU.Build.0 = Release|Any CPU
	EndGlobalSection
	GlobalSection(SolutionProperties) = preSolution
		HideSolutionNode = FALSE
	EndGlobalSection
	GlobalSection(ExtensibilityGlobals) = postSolution
		SolutionGuid = {307036FA-35E5-4CB4-883F-A99971C56CBE}
	EndGlobalSection
EndGlobal
